PODS:
  - animation_library (0.0.1):
    - Flutter
  - Flutter (1.0.0)

DEPENDENCIES:
  - animation_library (from `.symlinks/plugins/animation_library/ios`)
  - Flutter (from `Flutter`)

EXTERNAL SOURCES:
  animation_library:
    :path: ".symlinks/plugins/animation_library/ios"
  Flutter:
    :path: Flutter

SPEC CHECKSUMS:
  animation_library: d73b520c5ec7e2a86db055e645778c583d92bd8f
  Flutter: 0e3d915762c693b495b44d77113d4970485de6ec

PODFILE CHECKSUM: c34e2287a9ccaa606aeceab922830efb9a6ff69a

COCOAPODS: 1.9.1
